
Microsoft Visual Studio Solution File, Format Version 12.00
# Visual Studio 2012
Project("{FAE04EC0-301F-11D3-BF4B-00C04F79EFBC}") = "TableView", "TableView\TableView.csproj", "{F5F4F8AF-E693-4413-B878-EFE8C22EDA05}"
EndProject
Project("{FAE04EC0-301F-11D3-BF4B-00C04F79EFBC}") = "TableView.Test", "TableView.Test\TableView.Test.csproj", "{277225EE-977C-4BF8-89B6-C486AC93B566}"
EndProject
Global
	GlobalSection(SolutionConfigurationPlatforms) = preSolution
		Debug|iPhoneSimulator = Debug|iPhoneSimulator
		Release|iPhone = Release|iPhone
		Release|iPhoneSimulator = Release|iPhoneSimulator
		Debug|iPhone = Debug|iPhone
	EndGlobalSection
	GlobalSection(ProjectConfigurationPlatforms) = postSolution
		{F5F4F8AF-E693-4413-B878-EFE8C22EDA05}.Debug|iPhoneSimulator.ActiveCfg = Debug|iPhoneSimulator
		{F5F4F8AF-E693-4413-B878-EFE8C22EDA05}.Debug|iPhoneSimulator.Build.0 = Debug|iPhoneSimulator
		{F5F4F8AF-E693-4413-B878-EFE8C22EDA05}.Release|iPhone.ActiveCfg = Release|iPhone
		{F5F4F8AF-E693-4413-B878-EFE8C22EDA05}.Release|iPhone.Build.0 = Release|iPhone
		{F5F4F8AF-E693-4413-B878-EFE8C22EDA05}.Release|iPhoneSimulator.ActiveCfg = Release|iPhoneSimulator
		{F5F4F8AF-E693-4413-B878-EFE8C22EDA05}.Release|iPhoneSimulator.Build.0 = Release|iPhoneSimulator
		{F5F4F8AF-E693-4413-B878-EFE8C22EDA05}.Debug|iPhone.ActiveCfg = Debug|iPhone
		{F5F4F8AF-E693-4413-B878-EFE8C22EDA05}.Debug|iPhone.Build.0 = Debug|iPhone
		{277225EE-977C-4BF8-89B6-C486AC93B566}.Debug|iPhoneSimulator.ActiveCfg = Debug|iPhoneSimulator
		{277225EE-977C-4BF8-89B6-C486AC93B566}.Debug|iPhoneSimulator.Build.0 = Debug|iPhoneSimulator
		{277225EE-977C-4BF8-89B6-C486AC93B566}.Release|iPhone.ActiveCfg = Release|iPhone
		{277225EE-977C-4BF8-89B6-C486AC93B566}.Release|iPhone.Build.0 = Release|iPhone
		{277225EE-977C-4BF8-89B6-C486AC93B566}.Release|iPhoneSimulator.ActiveCfg = Release|iPhoneSimulator
		{277225EE-977C-4BF8-89B6-C486AC93B566}.Release|iPhoneSimulator.Build.0 = Release|iPhoneSimulator
		{277225EE-977C-4BF8-89B6-C486AC93B566}.Debug|iPhone.ActiveCfg = Debug|iPhone
		{277225EE-977C-4BF8-89B6-C486AC93B566}.Debug|iPhone.Build.0 = Debug|iPhone
	EndGlobalSection
EndGlobal
